
Microsoft Visual Studio Solution File, Format Version 12.00
# Visual Studio Version 17
VisualStudioVersion = 17.4.33205.214
MinimumVisualStudioVersion = 10.0.40219.1
Project("{FAE04EC0-301F-11D3-BF4B-00C04F79EFBC}") = "Yost_LinkedList", "Yost_LinkedList\Yost_LinkedList.csproj", "{1A728512-CB4B-434F-81E6-31688A711023}"
EndProject
Global
	GlobalSection(SolutionConfigurationPlatforms) = preSolution
		Debug|Any CPU = Debug|Any CPU
		Release|Any CPU = Release|Any CPU
	EndGlobalSection
	GlobalSection(ProjectConfigurationPlatforms) = postSolution
		{1A728512-CB4B-434F-81E6-31688A711023}.Debug|Any CPU.ActiveCfg = Debug|Any CPU
		{1A728512-CB4B-434F-81E6-31688A711023}.Debug|Any CPU.Build.0 = Debug|Any CPU
		{1A728512-CB4B-434F-81E6-31688A711023}.Release|Any CPU.ActiveCfg = Release|Any CPU
		{1A728512-CB4B-434F-81E6-31688A711023}.Release|Any CPU.Build.0 = Release|Any CPU
	EndGlobalSection
	GlobalSection(SolutionProperties) = preSolution
		HideSolutionNode = FALSE
	EndGlobalSection
	GlobalSection(ExtensibilityGlobals) = postSolution
		SolutionGuid = {BE8959A4-ADF2-46EF-BA03-568E5CD5E878}
	EndGlobalSection
EndGlobal
